
Microsoft Visual Studio Solution File, Format Version 12.00
# Visual Studio 15
VisualStudioVersion = 15.0.28307.421
MinimumVisualStudioVersion = 10.0.40219.1
Project("{8BC9CEB8-8B4A-11D0-8D11-00A0C91BC942}") = "Assignment_9-1", "Assignment_9-1\Assignment_9-1.vcxproj", "{C61011D1-4B69-4366-91FB-79E9AEC68789}"
EndProject
Global
	GlobalSection(SolutionConfigurationPlatforms) = preSolution
		Debug|x64 = Debug|x64
		Debug|x86 = Debug|x86
		Release|x64 = Release|x64
		Release|x86 = Release|x86
	EndGlobalSection
	GlobalSection(ProjectConfigurationPlatforms) = postSolution
		{C61011D1-4B69-4366-91FB-79E9AEC68789}.Debug|x64.ActiveCfg = Debug|x64
		{C61011D1-4B69-4366-91FB-79E9AEC68789}.Debug|x64.Build.0 = Debug|x64
		{C61011D1-4B69-4366-91FB-79E9AEC68789}.Debug|x86.ActiveCfg = Debug|Win32
		{C61011D1-4B69-4366-91FB-79E9AEC68789}.Debug|x86.Build.0 = Debug|Win32
		{C61011D1-4B69-4366-91FB-79E9AEC68789}.Release|x64.ActiveCfg = Release|x64
		{C61011D1-4B69-4366-91FB-79E9AEC68789}.Release|x64.Build.0 = Release|x64
		{C61011D1-4B69-4366-91FB-79E9AEC68789}.Release|x86.ActiveCfg = Release|Win32
		{C61011D1-4B69-4366-91FB-79E9AEC68789}.Release|x86.Build.0 = Release|Win32
	EndGlobalSection
	GlobalSection(SolutionProperties) = preSolution
		HideSolutionNode = FALSE
	EndGlobalSection
	GlobalSection(ExtensibilityGlobals) = postSolution
		SolutionGuid = {3C648EFC-2E41-4BB3-AAF0-8A3336C29CE2}
	EndGlobalSection
EndGlobal
